// !$*UTF8*$!
{
	archiveVersion = 1;
	classes = {
	};
	objectVersion = 51;
	objects = {

/* Begin PBXBuildFile section */
		8C0800A22DE5A1A653259B5A /* Pods_ios_instagram.framework in Frameworks */ = {isa = PBXBuildFile; fileRef = 60E9353772967684BAF53E8D /* Pods_ios_instagram.framework */; };
		A139D3D825FEEFD4007C0084 /* AppDelegate.swift in Sources */ = {isa = PBXBuildFile; fileRef = A139D3D725FEEFD4007C0084 /* AppDelegate.swift */; };
		A139D3DA25FEEFD4007C0084 /* SceneDelegate.swift in Sources */ = {isa = PBXBuildFile; fileRef = A139D3D925FEEFD4007C0084 /* SceneDelegate.swift */; };
		A139D3DC25FEEFD4007C0084 /* ViewController.swift in Sources */ = {isa = PBXBuildFile; fileRef = A139D3DB25FEEFD4007C0084 /* ViewController.swift */; };
		A139D3DF25FEEFD4007C0084 /* Main.storyboard in Resources */ = {isa = PBXBuildFile; fileRef = A139D3DD25FEEFD4007C0084 /* Main.storyboard */; };
		A139D3E125FEEFD5007C0084 /* Assets.xcassets in Resources */ = {isa = PBXBuildFile; fileRef = A139D3E025FEEFD5007C0084 /* Assets.xcassets */; };
		A139D3E425FEEFD5007C0084 /* LaunchScreen.storyboard in Resources */ = {isa = PBXBuildFile; fileRef = A139D3E225FEEFD5007C0084 /* LaunchScreen.storyboard */; };
		A139D3F525FEF994007C0084 /* MainTapController.swift in Sources */ = {isa = PBXBuildFile; fileRef = A139D3F425FEF994007C0084 /* MainTapController.swift */; };
		A139D3F825FF0339007C0084 /* FeedController.swift in Sources */ = {isa = PBXBuildFile; fileRef = A139D3F725FF0339007C0084 /* FeedController.swift */; };
		A139D3FB25FF0346007C0084 /* SearchController.swift in Sources */ = {isa = PBXBuildFile; fileRef = A139D3FA25FF0346007C0084 /* SearchController.swift */; };
		A139D3FE25FF0351007C0084 /* NotificationController.swift in Sources */ = {isa = PBXBuildFile; fileRef = A139D3FD25FF0351007C0084 /* NotificationController.swift */; };
		A139D40125FF036C007C0084 /* ImageSelectController.swift in Sources */ = {isa = PBXBuildFile; fileRef = A139D40025FF036C007C0084 /* ImageSelectController.swift */; };
		A139D40425FF0381007C0084 /* ProfileController.swift in Sources */ = {isa = PBXBuildFile; fileRef = A139D40325FF0381007C0084 /* ProfileController.swift */; };
		A139D40825FF3124007C0084 /* FeedCell.swift in Sources */ = {isa = PBXBuildFile; fileRef = A139D40725FF3124007C0084 /* FeedCell.swift */; };
		A13A2B07262ABF3600330860 /* UploadPostController.swift in Sources */ = {isa = PBXBuildFile; fileRef = A13A2B06262ABF3600330860 /* UploadPostController.swift */; };
		A13A2B0A262AC21B00330860 /* InputTextView.swift in Sources */ = {isa = PBXBuildFile; fileRef = A13A2B09262AC21B00330860 /* InputTextView.swift */; };
		A13A2B0D262BF15B00330860 /* PostService.swift in Sources */ = {isa = PBXBuildFile; fileRef = A13A2B0C262BF15B00330860 /* PostService.swift */; };
		A13A2B10262C0AAD00330860 /* Post.swift in Sources */ = {isa = PBXBuildFile; fileRef = A13A2B0F262C0AAD00330860 /* Post.swift */; };
		A13A2B13262C106B00330860 /* PostViewModel.swift in Sources */ = {isa = PBXBuildFile; fileRef = A13A2B12262C106B00330860 /* PostViewModel.swift */; };
		A13A2B1A262C4BFA00330860 /* CommentController.swift in Sources */ = {isa = PBXBuildFile; fileRef = A13A2B19262C4BFA00330860 /* CommentController.swift */; };
		A13A2B1D262C4E0E00330860 /* CommentCell.swift in Sources */ = {isa = PBXBuildFile; fileRef = A13A2B1C262C4E0E00330860 /* CommentCell.swift */; };
		A17DD2FF261BF7C300FEF1B2 /* GoogleService-Info.plist in Resources */ = {isa = PBXBuildFile; fileRef = A17DD2FE261BF7C300FEF1B2 /* GoogleService-Info.plist */; };
		A17DD321261C0A3A00FEF1B2 /* ImageUploader.swift in Sources */ = {isa = PBXBuildFile; fileRef = A17DD320261C0A3A00FEF1B2 /* ImageUploader.swift */; };
		A17DD324261C0A4700FEF1B2 /* AuthService.swift in Sources */ = {isa = PBXBuildFile; fileRef = A17DD323261C0A4700FEF1B2 /* AuthService.swift */; };
		A17DD327261C779E00FEF1B2 /* ProfileCell.swift in Sources */ = {isa = PBXBuildFile; fileRef = A17DD326261C779E00FEF1B2 /* ProfileCell.swift */; };
		A17DD32A261C77A900FEF1B2 /* ProfileHeader.swift in Sources */ = {isa = PBXBuildFile; fileRef = A17DD329261C77A900FEF1B2 /* ProfileHeader.swift */; };
		A17FFC022615B53C00BD0C51 /* LoginController.swift in Sources */ = {isa = PBXBuildFile; fileRef = A17FFC012615B53C00BD0C51 /* LoginController.swift */; };
		A17FFC062615B54900BD0C51 /* RegisterController.swift in Sources */ = {isa = PBXBuildFile; fileRef = A17FFC052615B54900BD0C51 /* RegisterController.swift */; };
		A17FFC092615E97800BD0C51 /* CustomTextField.swift in Sources */ = {isa = PBXBuildFile; fileRef = A17FFC082615E97800BD0C51 /* CustomTextField.swift */; };
		A192A6FA261AEB1400CE4B7F /* AuthenticationViewModel.swift in Sources */ = {isa = PBXBuildFile; fileRef = A192A6F9261AEB1400CE4B7F /* AuthenticationViewModel.swift */; };
		A1A187C72623E45D007A07F7 /* UserService.swift in Sources */ = {isa = PBXBuildFile; fileRef = A1A187C62623E45D007A07F7 /* UserService.swift */; };
		A1A187CA2623E48C007A07F7 /* Constants.swift in Sources */ = {isa = PBXBuildFile; fileRef = A1A187C92623E48C007A07F7 /* Constants.swift */; };
		A1A187CF2623EC50007A07F7 /* User.swift in Sources */ = {isa = PBXBuildFile; fileRef = A1A187CE2623EC50007A07F7 /* User.swift */; };
		A1A187D22623F5E4007A07F7 /* ProfileHeaderViewModel.swift in Sources */ = {isa = PBXBuildFile; fileRef = A1A187D12623F5E4007A07F7 /* ProfileHeaderViewModel.swift */; };
		A1A187DA26254163007A07F7 /* UserCell.swift in Sources */ = {isa = PBXBuildFile; fileRef = A1A187D926254163007A07F7 /* UserCell.swift */; };
		A1A187DD2625B4B6007A07F7 /* UserCellViewModel.swift in Sources */ = {isa = PBXBuildFile; fileRef = A1A187DC2625B4B6007A07F7 /* UserCellViewModel.swift */; };
		A1D53D68260710DD00631DF4 /* Extensions.swift in Sources */ = {isa = PBXBuildFile; fileRef = A1D53D67260710DD00631DF4 /* Extensions.swift */; };
/* End PBXBuildFile section */

/* Begin PBXFileReference section */
		60E9353772967684BAF53E8D /* Pods_ios_instagram.framework */ = {isa = PBXFileReference; explicitFileType = wrapper.framework; includeInIndex = 0; path = Pods_ios_instagram.framework; sourceTree = BUILT_PRODUCTS_DIR; };
		6915B287DA7B10B1EDB6834C /* Pods-ios-instagram.release.xcconfig */ = {isa = PBXFileReference; includeInIndex = 1; lastKnownFileType = text.xcconfig; name = "Pods-ios-instagram.release.xcconfig"; path = "Target Support Files/Pods-ios-instagram/Pods-ios-instagram.release.xcconfig"; sourceTree = "<group>"; };
		A139D3D425FEEFD4007C0084 /* ios-instagram.app */ = {isa = PBXFileReference; explicitFileType = wrapper.application; includeInIndex = 0; path = "ios-instagram.app"; sourceTree = BUILT_PRODUCTS_DIR; };
		A139D3D725FEEFD4007C0084 /* AppDelegate.swift */ = {isa = PBXFileReference; lastKnownFileType = sourcecode.swift; path = AppDelegate.swift; sourceTree = "<group>"; };
		A139D3D925FEEFD4007C0084 /* SceneDelegate.swift */ = {isa = PBXFileReference; lastKnownFileType = sourcecode.swift; path = SceneDelegate.swift; sourceTree = "<group>"; };
		A139D3DB25FEEFD4007C0084 /* ViewController.swift */ = {isa = PBXFileReference; lastKnownFileType = sourcecode.swift; path = ViewController.swift; sourceTree = "<group>"; };
		A139D3DE25FEEFD4007C0084 /* Base */ = {isa = PBXFileReference; lastKnownFileType = file.storyboard; name = Base; path = Base.lproj/Main.storyboard; sourceTree = "<group>"; };
		A139D3E025FEEFD5007C0084 /* Assets.xcassets */ = {isa = PBXFileReference; lastKnownFileType = folder.assetcatalog; path = Assets.xcassets; sourceTree = "<group>"; };
		A139D3E325FEEFD5007C0084 /* Base */ = {isa = PBXFileReference; lastKnownFileType = file.storyboard; name = Base; path = Base.lproj/LaunchScreen.storyboard; sourceTree = "<group>"; };
		A139D3E525FEEFD5007C0084 /* Info.plist */ = {isa = PBXFileReference; lastKnownFileType = text.plist.xml; path = Info.plist; sourceTree = "<group>"; };
		A139D3F425FEF994007C0084 /* MainTapController.swift */ = {isa = PBXFileReference; lastKnownFileType = sourcecode.swift; path = MainTapController.swift; sourceTree = "<group>"; };
		A139D3F725FF0339007C0084 /* FeedController.swift */ = {isa = PBXFileReference; lastKnownFileType = sourcecode.swift; path = FeedController.swift; sourceTree = "<group>"; };
		A139D3FA25FF0346007C0084 /* SearchController.swift */ = {isa = PBXFileReference; lastKnownFileType = sourcecode.swift; path = SearchController.swift; sourceTree = "<group>"; };
		A139D3FD25FF0351007C0084 /* NotificationController.swift */ = {isa = PBXFileReference; lastKnownFileType = sourcecode.swift; path = NotificationController.swift; sourceTree = "<group>"; };
		A139D40025FF036C007C0084 /* ImageSelectController.swift */ = {isa = PBXFileReference; lastKnownFileType = sourcecode.swift; path = ImageSelectController.swift; sourceTree = "<group>"; };
		A139D40325FF0381007C0084 /* ProfileController.swift */ = {isa = PBXFileReference; lastKnownFileType = sourcecode.swift; path = ProfileController.swift; sourceTree = "<group>"; };
		A139D40725FF3124007C0084 /* FeedCell.swift */ = {isa = PBXFileReference; lastKnownFileType = sourcecode.swift; path = FeedCell.swift; sourceTree = "<group>"; };
		A13A2B06262ABF3600330860 /* UploadPostController.swift */ = {isa = PBXFileReference; lastKnownFileType = sourcecode.swift; path = UploadPostController.swift; sourceTree = "<group>"; };
		A13A2B09262AC21B00330860 /* InputTextView.swift */ = {isa = PBXFileReference; lastKnownFileType = sourcecode.swift; path = InputTextView.swift; sourceTree = "<group>"; };
		A13A2B0C262BF15B00330860 /* PostService.swift */ = {isa = PBXFileReference; lastKnownFileType = sourcecode.swift; path = PostService.swift; sourceTree = "<group>"; };
		A13A2B0F262C0AAD00330860 /* Post.swift */ = {isa = PBXFileReference; lastKnownFileType = sourcecode.swift; path = Post.swift; sourceTree = "<group>"; };
		A13A2B12262C106B00330860 /* PostViewModel.swift */ = {isa = PBXFileReference; lastKnownFileType = sourcecode.swift; path = PostViewModel.swift; sourceTree = "<group>"; };
		A13A2B19262C4BFA00330860 /* CommentController.swift */ = {isa = PBXFileReference; lastKnownFileType = sourcecode.swift; path = CommentController.swift; sourceTree = "<group>"; };
		A13A2B1C262C4E0E00330860 /* CommentCell.swift */ = {isa = PBXFileReference; lastKnownFileType = sourcecode.swift; path = CommentCell.swift; sourceTree = "<group>"; };
		A17DD2FE261BF7C300FEF1B2 /* GoogleService-Info.plist */ = {isa = PBXFileReference; lastKnownFileType = text.plist; path = "GoogleService-Info.plist"; sourceTree = SOURCE_ROOT; };
		A17DD320261C0A3A00FEF1B2 /* ImageUploader.swift */ = {isa = PBXFileReference; lastKnownFileType = sourcecode.swift; path = ImageUploader.swift; sourceTree = "<group>"; };
		A17DD323261C0A4700FEF1B2 /* AuthService.swift */ = {isa = PBXFileReference; lastKnownFileType = sourcecode.swift; path = AuthService.swift; sourceTree = "<group>"; };
		A17DD326261C779E00FEF1B2 /* ProfileCell.swift */ = {isa = PBXFileReference; lastKnownFileType = sourcecode.swift; path = ProfileCell.swift; sourceTree = "<group>"; };
		A17DD329261C77A900FEF1B2 /* ProfileHeader.swift */ = {isa = PBXFileReference; lastKnownFileType = sourcecode.swift; path = ProfileHeader.swift; sourceTree = "<group>"; };
		A17FFC012615B53C00BD0C51 /* LoginController.swift */ = {isa = PBXFileReference; lastKnownFileType = sourcecode.swift; path = LoginController.swift; sourceTree = "<group>"; };
		A17FFC052615B54900BD0C51 /* RegisterController.swift */ = {isa = PBXFileReference; lastKnownFileType = sourcecode.swift; path = RegisterController.swift; sourceTree = "<group>"; };
		A17FFC082615E97800BD0C51 /* CustomTextField.swift */ = {isa = PBXFileReference; lastKnownFileType = sourcecode.swift; path = CustomTextField.swift; sourceTree = "<group>"; };
		A192A6F9261AEB1400CE4B7F /* AuthenticationViewModel.swift */ = {isa = PBXFileReference; lastKnownFileType = sourcecode.swift; path = AuthenticationViewModel.swift; sourceTree = "<group>"; };
		A1A187C62623E45D007A07F7 /* UserService.swift */ = {isa = PBXFileReference; lastKnownFileType = sourcecode.swift; path = UserService.swift; sourceTree = "<group>"; };
		A1A187C92623E48C007A07F7 /* Constants.swift */ = {isa = PBXFileReference; lastKnownFileType = sourcecode.swift; path = Constants.swift; sourceTree = "<group>"; };
		A1A187CE2623EC50007A07F7 /* User.swift */ = {isa = PBXFileReference; lastKnownFileType = sourcecode.swift; path = User.swift; sourceTree = "<group>"; };
		A1A187D12623F5E4007A07F7 /* ProfileHeaderViewModel.swift */ = {isa = PBXFileReference; lastKnownFileType = sourcecode.swift; path = ProfileHeaderViewModel.swift; sourceTree = "<group>"; };
		A1A187D926254163007A07F7 /* UserCell.swift */ = {isa = PBXFileReference; lastKnownFileType = sourcecode.swift; path = UserCell.swift; sourceTree = "<group>"; };
		A1A187DC2625B4B6007A07F7 /* UserCellViewModel.swift */ = {isa = PBXFileReference; lastKnownFileType = sourcecode.swift; path = UserCellViewModel.swift; sourceTree = "<group>"; };
		A1D53D67260710DD00631DF4 /* Extensions.swift */ = {isa = PBXFileReference; lastKnownFileType = sourcecode.swift; path = Extensions.swift; sourceTree = "<group>"; };
		D45BCE802ACFAEC09162B775 /* Pods-ios-instagram.debug.xcconfig */ = {isa = PBXFileReference; includeInIndex = 1; lastKnownFileType = text.xcconfig; name = "Pods-ios-instagram.debug.xcconfig"; path = "Target Support Files/Pods-ios-instagram/Pods-ios-instagram.debug.xcconfig"; sourceTree = "<group>"; };
/* End PBXFileReference section */

/* Begin PBXFrameworksBuildPhase section */
		A139D3D125FEEFD4007C0084 /* Frameworks */ = {
			isa = PBXFrameworksBuildPhase;
			buildActionMask = 2147483647;
			files = (
				8C0800A22DE5A1A653259B5A /* Pods_ios_instagram.framework in Frameworks */,
			);
			runOnlyForDeploymentPostprocessing = 0;
		};
/* End PBXFrameworksBuildPhase section */

/* Begin PBXGroup section */
		1B710B35DA401148DF934C9F /* Frameworks */ = {
			isa = PBXGroup;
			children = (
				60E9353772967684BAF53E8D /* Pods_ios_instagram.framework */,
			);
			name = Frameworks;
			sourceTree = "<group>";
		};
		A139D3CB25FEEFD4007C0084 = {
			isa = PBXGroup;
			children = (
				A139D3D625FEEFD4007C0084 /* ios-instagram */,
				A139D3D525FEEFD4007C0084 /* Products */,
				B765376E922F969E24287B8E /* Pods */,
				1B710B35DA401148DF934C9F /* Frameworks */,
			);
			sourceTree = "<group>";
		};
		A139D3D525FEEFD4007C0084 /* Products */ = {
			isa = PBXGroup;
			children = (
				A139D3D425FEEFD4007C0084 /* ios-instagram.app */,
			);
			name = Products;
			sourceTree = "<group>";
		};
		A139D3D625FEEFD4007C0084 /* ios-instagram */ = {
			isa = PBXGroup;
			children = (
				A139D3F125FEF04C007C0084 /* Utils */,
				A139D3F025FEF049007C0084 /* API */,
				A139D3EF25FEF045007C0084 /* Controller */,
				A139D3EE25FEF042007C0084 /* ViewModel */,
				A139D3ED25FEF040007C0084 /* View */,
				A139D3EC25FEF03A007C0084 /* Model */,
				A139D3D725FEEFD4007C0084 /* AppDelegate.swift */,
				A139D3D925FEEFD4007C0084 /* SceneDelegate.swift */,
				A139D3DB25FEEFD4007C0084 /* ViewController.swift */,
				A139D3DD25FEEFD4007C0084 /* Main.storyboard */,
				A139D3E025FEEFD5007C0084 /* Assets.xcassets */,
				A139D3E225FEEFD5007C0084 /* LaunchScreen.storyboard */,
				A139D3E525FEEFD5007C0084 /* Info.plist */,
				A17DD2FE261BF7C300FEF1B2 /* GoogleService-Info.plist */,
			);
			path = "ios-instagram";
			sourceTree = "<group>";
		};
		A139D3EC25FEF03A007C0084 /* Model */ = {
			isa = PBXGroup;
			children = (
				A1A187CE2623EC50007A07F7 /* User.swift */,
				A13A2B0F262C0AAD00330860 /* Post.swift */,
			);
			path = Model;
			sourceTree = "<group>";
		};
		A139D3ED25FEF040007C0084 /* View */ = {
			isa = PBXGroup;
			children = (
				A1A187CC2623EC22007A07F7 /* Profile */,
				A139D40725FF3124007C0084 /* FeedCell.swift */,
				A17FFC082615E97800BD0C51 /* CustomTextField.swift */,
				A1A187D926254163007A07F7 /* UserCell.swift */,
				A13A2B1C262C4E0E00330860 /* CommentCell.swift */,
			);
			path = View;
			sourceTree = "<group>";
		};
		A139D3EE25FEF042007C0084 /* ViewModel */ = {
			isa = PBXGroup;
			children = (
				A192A6F9261AEB1400CE4B7F /* AuthenticationViewModel.swift */,
				A1A187D12623F5E4007A07F7 /* ProfileHeaderViewModel.swift */,
				A1A187DC2625B4B6007A07F7 /* UserCellViewModel.swift */,
				A13A2B12262C106B00330860 /* PostViewModel.swift */,
			);
			path = ViewModel;
			sourceTree = "<group>";
		};
		A139D3EF25FEF045007C0084 /* Controller */ = {
			isa = PBXGroup;
			children = (
				A17FFC002615B52200BD0C51 /* Authentification */,
				A139D3F425FEF994007C0084 /* MainTapController.swift */,
				A139D3F725FF0339007C0084 /* FeedController.swift */,
				A139D3FA25FF0346007C0084 /* SearchController.swift */,
				A139D40025FF036C007C0084 /* ImageSelectController.swift */,
				A139D3FD25FF0351007C0084 /* NotificationController.swift */,
				A139D40325FF0381007C0084 /* ProfileController.swift */,
				A13A2B06262ABF3600330860 /* UploadPostController.swift */,
				A13A2B19262C4BFA00330860 /* CommentController.swift */,
			);
			path = Controller;
			sourceTree = "<group>";
		};
		A139D3F025FEF049007C0084 /* API */ = {
			isa = PBXGroup;
			children = (
				A17DD320261C0A3A00FEF1B2 /* ImageUploader.swift */,
				A17DD323261C0A4700FEF1B2 /* AuthService.swift */,
				A1A187C62623E45D007A07F7 /* UserService.swift */,
				A13A2B0C262BF15B00330860 /* PostService.swift */,
			);
			path = API;
			sourceTree = "<group>";
		};
		A139D3F125FEF04C007C0084 /* Utils */ = {
			isa = PBXGroup;
			children = (
				A1D53D67260710DD00631DF4 /* Extensions.swift */,
				A1A187C92623E48C007A07F7 /* Constants.swift */,
				A13A2B09262AC21B00330860 /* InputTextView.swift */,
			);
			path = Utils;
			sourceTree = "<group>";
		};
		A17FFC002615B52200BD0C51 /* Authentification */ = {
			isa = PBXGroup;
			children = (
				A17FFC012615B53C00BD0C51 /* LoginController.swift */,
				A17FFC052615B54900BD0C51 /* RegisterController.swift */,
			);
			path = Authentification;
			sourceTree = "<group>";
		};
		A1A187CC2623EC22007A07F7 /* Profile */ = {
			isa = PBXGroup;
			children = (
				A17DD326261C779E00FEF1B2 /* ProfileCell.swift */,
				A17DD329261C77A900FEF1B2 /* ProfileHeader.swift */,
			);
			path = Profile;
			sourceTree = "<group>";
		};
		B765376E922F969E24287B8E /* Pods */ = {
			isa = PBXGroup;
			children = (
				D45BCE802ACFAEC09162B775 /* Pods-ios-instagram.debug.xcconfig */,
				6915B287DA7B10B1EDB6834C /* Pods-ios-instagram.release.xcconfig */,
			);
			path = Pods;
			sourceTree = "<group>";
		};
/* End PBXGroup section */

/* Begin PBXNativeTarget section */
		A139D3D325FEEFD4007C0084 /* ios-instagram */ = {
			isa = PBXNativeTarget;
			buildConfigurationList = A139D3E825FEEFD5007C0084 /* Build configuration list for PBXNativeTarget "ios-instagram" */;
			buildPhases = (
				2B4539344957A26345D446D1 /* [CP] Check Pods Manifest.lock */,
				A139D3D025FEEFD4007C0084 /* Sources */,
				A139D3D125FEEFD4007C0084 /* Frameworks */,
				A139D3D225FEEFD4007C0084 /* Resources */,
				A5DCF3F105225294DB9F6859 /* [CP] Embed Pods Frameworks */,
			);
			buildRules = (
			);
			dependencies = (
			);
			name = "ios-instagram";
			productName = "ios-instagram";
			productReference = A139D3D425FEEFD4007C0084 /* ios-instagram.app */;
			productType = "com.apple.product-type.application";
		};
/* End PBXNativeTarget section */

/* Begin PBXProject section */
		A139D3CC25FEEFD4007C0084 /* Project object */ = {
			isa = PBXProject;
			attributes = {
				LastSwiftUpdateCheck = 1240;
				LastUpgradeCheck = 1240;
				TargetAttributes = {
					A139D3D325FEEFD4007C0084 = {
						CreatedOnToolsVersion = 12.4;
					};
				};
			};
			buildConfigurationList = A139D3CF25FEEFD4007C0084 /* Build configuration list for PBXProject "ios-instagram" */;
			compatibilityVersion = "Xcode 9.3";
			developmentRegion = en;
			hasScannedForEncodings = 0;
			knownRegions = (
				en,
				Base,
			);
			mainGroup = A139D3CB25FEEFD4007C0084;
			productRefGroup = A139D3D525FEEFD4007C0084 /* Products */;
			projectDirPath = "";
			projectRoot = "";
			targets = (
				A139D3D325FEEFD4007C0084 /* ios-instagram */,
			);
		};
/* End PBXProject section */

/* Begin PBXResourcesBuildPhase section */
		A139D3D225FEEFD4007C0084 /* Resources */ = {
			isa = PBXResourcesBuildPhase;
			buildActionMask = 2147483647;
			files = (
				A139D3E425FEEFD5007C0084 /* LaunchScreen.storyboard in Resources */,
				A17DD2FF261BF7C300FEF1B2 /* GoogleService-Info.plist in Resources */,
				A139D3E125FEEFD5007C0084 /* Assets.xcassets in Resources */,
				A139D3DF25FEEFD4007C0084 /* Main.storyboard in Resources */,
			);
			runOnlyForDeploymentPostprocessing = 0;
		};
/* End PBXResourcesBuildPhase section */

/* Begin PBXShellScriptBuildPhase section */
		2B4539344957A26345D446D1 /* [CP] Check Pods Manifest.lock */ = {
			isa = PBXShellScriptBuildPhase;
			buildActionMask = 2147483647;
			files = (
			);
			inputFileListPaths = (
			);
			inputPaths = (
				"${PODS_PODFILE_DIR_PATH}/Podfile.lock",
				"${PODS_ROOT}/Manifest.lock",
			);
			name = "[CP] Check Pods Manifest.lock";
			outputFileListPaths = (
			);
			outputPaths = (
				"$(DERIVED_FILE_DIR)/Pods-ios-instagram-checkManifestLockResult.txt",
			);
			runOnlyForDeploymentPostprocessing = 0;
			shellPath = /bin/sh;
			shellScript = "diff \"${PODS_PODFILE_DIR_PATH}/Podfile.lock\" \"${PODS_ROOT}/Manifest.lock\" > /dev/null\nif [ $? != 0 ] ; then\n    # print error to STDERR\n    echo \"error: The sandbox is not in sync with the Podfile.lock. Run 'pod install' or update your CocoaPods installation.\" >&2\n    exit 1\nfi\n# This output is used by Xcode 'outputs' to avoid re-running this script phase.\necho \"SUCCESS\" > \"${SCRIPT_OUTPUT_FILE_0}\"\n";
			showEnvVarsInLog = 0;
		};
		A5DCF3F105225294DB9F6859 /* [CP] Embed Pods Frameworks */ = {
			isa = PBXShellScriptBuildPhase;
			buildActionMask = 2147483647;
			files = (
			);
			inputFileListPaths = (
				"${PODS_ROOT}/Target Support Files/Pods-ios-instagram/Pods-ios-instagram-frameworks-${CONFIGURATION}-input-files.xcfilelist",
			);
			name = "[CP] Embed Pods Frameworks";
			outputFileListPaths = (
				"${PODS_ROOT}/Target Support Files/Pods-ios-instagram/Pods-ios-instagram-frameworks-${CONFIGURATION}-output-files.xcfilelist",
			);
			runOnlyForDeploymentPostprocessing = 0;
			shellPath = /bin/sh;
			shellScript = "\"${PODS_ROOT}/Target Support Files/Pods-ios-instagram/Pods-ios-instagram-frameworks.sh\"\n";
			showEnvVarsInLog = 0;
		};
/* End PBXShellScriptBuildPhase section */

/* Begin PBXSourcesBuildPhase section */
		A139D3D025FEEFD4007C0084 /* Sources */ = {
			isa = PBXSourcesBuildPhase;
			buildActionMask = 2147483647;
			files = (
				A13A2B13262C106B00330860 /* PostViewModel.swift in Sources */,
				A17FFC092615E97800BD0C51 /* CustomTextField.swift in Sources */,
				A17DD32A261C77A900FEF1B2 /* ProfileHeader.swift in Sources */,
				A13A2B1A262C4BFA00330860 /* CommentController.swift in Sources */,
				A13A2B07262ABF3600330860 /* UploadPostController.swift in Sources */,
				A139D3F525FEF994007C0084 /* MainTapController.swift in Sources */,
				A17FFC062615B54900BD0C51 /* RegisterController.swift in Sources */,
				A17FFC022615B53C00BD0C51 /* LoginController.swift in Sources */,
				A139D40825FF3124007C0084 /* FeedCell.swift in Sources */,
				A139D3FB25FF0346007C0084 /* SearchController.swift in Sources */,
				A139D3DC25FEEFD4007C0084 /* ViewController.swift in Sources */,
				A1A187DA26254163007A07F7 /* UserCell.swift in Sources */,
				A139D3FE25FF0351007C0084 /* NotificationController.swift in Sources */,
				A139D3F825FF0339007C0084 /* FeedController.swift in Sources */,
				A1A187CF2623EC50007A07F7 /* User.swift in Sources */,
				A139D40425FF0381007C0084 /* ProfileController.swift in Sources */,
				A1A187D22623F5E4007A07F7 /* ProfileHeaderViewModel.swift in Sources */,
				A13A2B0A262AC21B00330860 /* InputTextView.swift in Sources */,
				A1A187CA2623E48C007A07F7 /* Constants.swift in Sources */,
				A139D40125FF036C007C0084 /* ImageSelectController.swift in Sources */,
				A1A187DD2625B4B6007A07F7 /* UserCellViewModel.swift in Sources */,
				A139D3D825FEEFD4007C0084 /* AppDelegate.swift in Sources */,
				A1D53D68260710DD00631DF4 /* Extensions.swift in Sources */,
				A17DD321261C0A3A00FEF1B2 /* ImageUploader.swift in Sources */,
				A13A2B10262C0AAD00330860 /* Post.swift in Sources */,
				A17DD324261C0A4700FEF1B2 /* AuthService.swift in Sources */,
				A13A2B0D262BF15B00330860 /* PostService.swift in Sources */,
				A1A187C72623E45D007A07F7 /* UserService.swift in Sources */,
				A17DD327261C779E00FEF1B2 /* ProfileCell.swift in Sources */,
				A192A6FA261AEB1400CE4B7F /* AuthenticationViewModel.swift in Sources */,
				A139D3DA25FEEFD4007C0084 /* SceneDelegate.swift in Sources */,
				A13A2B1D262C4E0E00330860 /* CommentCell.swift in Sources */,
			);
			runOnlyForDeploymentPostprocessing = 0;
		};
/* End PBXSourcesBuildPhase section */

/* Begin PBXVariantGroup section */
		A139D3DD25FEEFD4007C0084 /* Main.storyboard */ = {
			isa = PBXVariantGroup;
			children = (
				A139D3DE25FEEFD4007C0084 /* Base */,
			);
			name = Main.storyboard;
			sourceTree = "<group>";
		};
		A139D3E225FEEFD5007C0084 /* LaunchScreen.storyboard */ = {
			isa = PBXVariantGroup;
			children = (
				A139D3E325FEEFD5007C0084 /* Base */,
			);
			name = LaunchScreen.storyboard;
			sourceTree = "<group>";
		};
/* End PBXVariantGroup section */

/* Begin XCBuildConfiguration section */
		A139D3E625FEEFD5007C0084 /* Debug */ = {
			isa = XCBuildConfiguration;
			buildSettings = {
				ALWAYS_SEARCH_USER_PATHS = NO;
				CLANG_ANALYZER_NONNULL = YES;
				CLANG_ANALYZER_NUMBER_OBJECT_CONVERSION = YES_AGGRESSIVE;
				CLANG_CXX_LANGUAGE_STANDARD = "gnu++14";
				CLANG_CXX_LIBRARY = "libc++";
				CLANG_ENABLE_MODULES = YES;
				CLANG_ENABLE_OBJC_ARC = YES;
				CLANG_ENABLE_OBJC_WEAK = YES;
				CLANG_WARN_BLOCK_CAPTURE_AUTORELEASING = YES;
				CLANG_WARN_BOOL_CONVERSION = YES;
				CLANG_WARN_COMMA = YES;
				CLANG_WARN_CONSTANT_CONVERSION = YES;
				CLANG_WARN_DEPRECATED_OBJC_IMPLEMENTATIONS = YES;
				CLANG_WARN_DIRECT_OBJC_ISA_USAGE = YES_ERROR;
				CLANG_WARN_DOCUMENTATION_COMMENTS = YES;
				CLANG_WARN_EMPTY_BODY = YES;
				CLANG_WARN_ENUM_CONVERSION = YES;
				CLANG_WARN_INFINITE_RECURSION = YES;
				CLANG_WARN_INT_CONVERSION = YES;
				CLANG_WARN_NON_LITERAL_NULL_CONVERSION = YES;
				CLANG_WARN_OBJC_IMPLICIT_RETAIN_SELF = YES;
				CLANG_WARN_OBJC_LITERAL_CONVERSION = YES;
				CLANG_WARN_OBJC_ROOT_CLASS = YES_ERROR;
				CLANG_WARN_QUOTED_INCLUDE_IN_FRAMEWORK_HEADER = YES;
				CLANG_WARN_RANGE_LOOP_ANALYSIS = YES;
				CLANG_WARN_STRICT_PROTOTYPES = YES;
				CLANG_WARN_SUSPICIOUS_MOVE = YES;
				CLANG_WARN_UNGUARDED_AVAILABILITY = YES_AGGRESSIVE;
				CLANG_WARN_UNREACHABLE_CODE = YES;
				CLANG_WARN__DUPLICATE_METHOD_MATCH = YES;
				COPY_PHASE_STRIP = NO;
				DEBUG_INFORMATION_FORMAT = dwarf;
				ENABLE_STRICT_OBJC_MSGSEND = YES;
				ENABLE_TESTABILITY = YES;
				GCC_C_LANGUAGE_STANDARD = gnu11;
				GCC_DYNAMIC_NO_PIC = NO;
				GCC_NO_COMMON_BLOCKS = YES;
				GCC_OPTIMIZATION_LEVEL = 0;
				GCC_PREPROCESSOR_DEFINITIONS = (
					"DEBUG=1",
					"$(inherited)",
				);
				GCC_WARN_64_TO_32_BIT_CONVERSION = YES;
				GCC_WARN_ABOUT_RETURN_TYPE = YES_ERROR;
				GCC_WARN_UNDECLARED_SELECTOR = YES;
				GCC_WARN_UNINITIALIZED_AUTOS = YES_AGGRESSIVE;
				GCC_WARN_UNUSED_FUNCTION = YES;
				GCC_WARN_UNUSED_VARIABLE = YES;
				IPHONEOS_DEPLOYMENT_TARGET = 14.4;
				MTL_ENABLE_DEBUG_INFO = INCLUDE_SOURCE;
				MTL_FAST_MATH = YES;
				ONLY_ACTIVE_ARCH = YES;
				SDKROOT = iphoneos;
				SWIFT_ACTIVE_COMPILATION_CONDITIONS = DEBUG;
				SWIFT_OPTIMIZATION_LEVEL = "-Onone";
			};
			name = Debug;
		};
		A139D3E725FEEFD5007C0084 /* Release */ = {
			isa = XCBuildConfiguration;
			buildSettings = {
				ALWAYS_SEARCH_USER_PATHS = NO;
				CLANG_ANALYZER_NONNULL = YES;
				CLANG_ANALYZER_NUMBER_OBJECT_CONVERSION = YES_AGGRESSIVE;
				CLANG_CXX_LANGUAGE_STANDARD = "gnu++14";
				CLANG_CXX_LIBRARY = "libc++";
				CLANG_ENABLE_MODULES = YES;
				CLANG_ENABLE_OBJC_ARC = YES;
				CLANG_ENABLE_OBJC_WEAK = YES;
				CLANG_WARN_BLOCK_CAPTURE_AUTORELEASING = YES;
				CLANG_WARN_BOOL_CONVERSION = YES;
				CLANG_WARN_COMMA = YES;
				CLANG_WARN_CONSTANT_CONVERSION = YES;
				CLANG_WARN_DEPRECATED_OBJC_IMPLEMENTATIONS = YES;
				CLANG_WARN_DIRECT_OBJC_ISA_USAGE = YES_ERROR;
				CLANG_WARN_DOCUMENTATION_COMMENTS = YES;
				CLANG_WARN_EMPTY_BODY = YES;
				CLANG_WARN_ENUM_CONVERSION = YES;
				CLANG_WARN_INFINITE_RECURSION = YES;
				CLANG_WARN_INT_CONVERSION = YES;
				CLANG_WARN_NON_LITERAL_NULL_CONVERSION = YES;
				CLANG_WARN_OBJC_IMPLICIT_RETAIN_SELF = YES;
				CLANG_WARN_OBJC_LITERAL_CONVERSION = YES;
				CLANG_WARN_OBJC_ROOT_CLASS = YES_ERROR;
				CLANG_WARN_QUOTED_INCLUDE_IN_FRAMEWORK_HEADER = YES;
				CLANG_WARN_RANGE_LOOP_ANALYSIS = YES;
				CLANG_WARN_STRICT_PROTOTYPES = YES;
				CLANG_WARN_SUSPICIOUS_MOVE = YES;
				CLANG_WARN_UNGUARDED_AVAILABILITY = YES_AGGRESSIVE;
				CLANG_WARN_UNREACHABLE_CODE = YES;
				CLANG_WARN__DUPLICATE_METHOD_MATCH = YES;
				COPY_PHASE_STRIP = NO;
				DEBUG_INFORMATION_FORMAT = "dwarf-with-dsym";
				ENABLE_NS_ASSERTIONS = NO;
				ENABLE_STRICT_OBJC_MSGSEND = YES;
				GCC_C_LANGUAGE_STANDARD = gnu11;
				GCC_NO_COMMON_BLOCKS = YES;
				GCC_WARN_64_TO_32_BIT_CONVERSION = YES;
				GCC_WARN_ABOUT_RETURN_TYPE = YES_ERROR;
				GCC_WARN_UNDECLARED_SELECTOR = YES;
				GCC_WARN_UNINITIALIZED_AUTOS = YES_AGGRESSIVE;
				GCC_WARN_UNUSED_FUNCTION = YES;
				GCC_WARN_UNUSED_VARIABLE = YES;
				IPHONEOS_DEPLOYMENT_TARGET = 14.4;
				MTL_ENABLE_DEBUG_INFO = NO;
				MTL_FAST_MATH = YES;
				SDKROOT = iphoneos;
				SWIFT_COMPILATION_MODE = wholemodule;
				SWIFT_OPTIMIZATION_LEVEL = "-O";
				VALIDATE_PRODUCT = YES;
			};
			name = Release;
		};
		A139D3E925FEEFD5007C0084 /* Debug */ = {
			isa = XCBuildConfiguration;
			baseConfigurationReference = D45BCE802ACFAEC09162B775 /* Pods-ios-instagram.debug.xcconfig */;
			buildSettings = {
				ASSETCATALOG_COMPILER_APPICON_NAME = AppIcon;
				ASSETCATALOG_COMPILER_GLOBAL_ACCENT_COLOR_NAME = AccentColor;
				CODE_SIGN_STYLE = Automatic;
				INFOPLIST_FILE = "ios-instagram/Info.plist";
				LD_RUNPATH_SEARCH_PATHS = (
					"$(inherited)",
					"@executable_path/Frameworks",
				);
				PRODUCT_BUNDLE_IDENTIFIER = "yongmin.ios-instagram";
				PRODUCT_NAME = "$(TARGET_NAME)";
				SWIFT_VERSION = 5.0;
				TARGETED_DEVICE_FAMILY = "1,2";
			};
			name = Debug;
		};
		A139D3EA25FEEFD5007C0084 /* Release */ = {
			isa = XCBuildConfiguration;
			baseConfigurationReference = 6915B287DA7B10B1EDB6834C /* Pods-ios-instagram.release.xcconfig */;
			buildSettings = {
				ASSETCATALOG_COMPILER_APPICON_NAME = AppIcon;
				ASSETCATALOG_COMPILER_GLOBAL_ACCENT_COLOR_NAME = AccentColor;
				CODE_SIGN_STYLE = Automatic;
				INFOPLIST_FILE = "ios-instagram/Info.plist";
				LD_RUNPATH_SEARCH_PATHS = (
					"$(inherited)",
					"@executable_path/Frameworks",
				);
				PRODUCT_BUNDLE_IDENTIFIER = "yongmin.ios-instagram";
				PRODUCT_NAME = "$(TARGET_NAME)";
				SWIFT_VERSION = 5.0;
				TARGETED_DEVICE_FAMILY = "1,2";
			};
			name = Release;
		};
/* End XCBuildConfiguration section */

/* Begin XCConfigurationList section */
		A139D3CF25FEEFD4007C0084 /* Build configuration list for PBXProject "ios-instagram" */ = {
			isa = XCConfigurationList;
			buildConfigurations = (
				A139D3E625FEEFD5007C0084 /* Debug */,
				A139D3E725FEEFD5007C0084 /* Release */,
			);
			defaultConfigurationIsVisible = 0;
			defaultConfigurationName = Release;
		};
		A139D3E825FEEFD5007C0084 /* Build configuration list for PBXNativeTarget "ios-instagram" */ = {
			isa = XCConfigurationList;
			buildConfigurations = (
				A139D3E925FEEFD5007C0084 /* Debug */,
				A139D3EA25FEEFD5007C0084 /* Release */,
			);
			defaultConfigurationIsVisible = 0;
			defaultConfigurationName = Release;
		};
/* End XCConfigurationList section */
	};
	rootObject = A139D3CC25FEEFD4007C0084 /* Project object */;
}
